{
  "name": "@rajeev3/smart-api-kit",
  "version": "1.0.2",
  "lockfileVersion": 3,
  "requires": true,
  "packages": {
    "": {
      "name": "@rajeev3/smart-api-kit",
      "version": "1.0.2",
      "license": "MIT",
      "dependencies": {
        "@rajeev3/smart-api-kit": "^1.0.2"
      }
    },
    "node_modules/@rajeev3/smart-api-kit": {
      "version": "1.0.2",
      "resolved": "https://registry.npmjs.org/@rajeev3/smart-api-kit/-/smart-api-kit-1.0.2.tgz",
      "integrity": "sha512-GzQbMk3TvCoKKvBLD1l+6vGLbxpe8pKcBf4Q9Du89W3isKpkcdqzjFy1riULDWMQW2bNQTl8RoEriLCd4Z8F2w=="
    }
  }
}
